// !$*UTF8*$!
{
	archiveVersion = 1;
	classes = {
	};
	objectVersion = 55;
	objects = {

/* Begin PBXBuildFile section */
		9122F18F2755C59100325880 /* AppDelegate.swift in Sources */ = {isa = PBXBuildFile; fileRef = 9122F18E2755C59100325880 /* AppDelegate.swift */; };
		9122F1912755C59100325880 /* SceneDelegate.swift in Sources */ = {isa = PBXBuildFile; fileRef = 9122F1902755C59100325880 /* SceneDelegate.swift */; };
		9122F1932755C59100325880 /* ViewController.swift in Sources */ = {isa = PBXBuildFile; fileRef = 9122F1922755C59100325880 /* ViewController.swift */; };
		9122F1962755C59100325880 /* Main.storyboard in Resources */ = {isa = PBXBuildFile; fileRef = 9122F1942755C59100325880 /* Main.storyboard */; };
		9122F1982755C59400325880 /* Assets.xcassets in Resources */ = {isa = PBXBuildFile; fileRef = 9122F1972755C59400325880 /* Assets.xcassets */; };
		9122F19B2755C59400325880 /* LaunchScreen.storyboard in Resources */ = {isa = PBXBuildFile; fileRef = 9122F1992755C59400325880 /* LaunchScreen.storyboard */; };
		9122F1A32755C5F700325880 /* ListTableViewCell.swift in Sources */ = {isa = PBXBuildFile; fileRef = 9122F1A22755C5F700325880 /* ListTableViewCell.swift */; };
		9122F1AD2755C8D200325880 /* ListCellViewModel.swift in Sources */ = {isa = PBXBuildFile; fileRef = 9122F1AC2755C8D200325880 /* ListCellViewModel.swift */; };
		912603342A973AF6000229D9 /* CellItemData.swift in Sources */ = {isa = PBXBuildFile; fileRef = 9122F1AA2755C80000325880 /* CellItemData.swift */; };
		912603352A973B00000229D9 /* CellItemData.swift in Sources */ = {isa = PBXBuildFile; fileRef = 9122F1AA2755C80000325880 /* CellItemData.swift */; };
		912603372A974229000229D9 /* Box.swift in Sources */ = {isa = PBXBuildFile; fileRef = 912603362A974229000229D9 /* Box.swift */; };
		912603392A9749D7000229D9 /* ZodiacAlternate.json in Resources */ = {isa = PBXBuildFile; fileRef = 912603382A9745F5000229D9 /* ZodiacAlternate.json */; };
		9126035C2A9C5001000229D9 /* TheSixth-info.plist in Resources */ = {isa = PBXBuildFile; fileRef = 912603592A9C5001000229D9 /* TheSixth-info.plist */; };
		9126035E2A9C500F000229D9 /* TheSixth Dev-Info.plist in Resources */ = {isa = PBXBuildFile; fileRef = 912603582A9C5001000229D9 /* TheSixth Dev-Info.plist */; };
		9180F1E1275A0A0200BC0352 /* ViewController.swift in Sources */ = {isa = PBXBuildFile; fileRef = 9122F1922755C59100325880 /* ViewController.swift */; };
		9180F1E2275A0A0200BC0352 /* ListTableViewCell.swift in Sources */ = {isa = PBXBuildFile; fileRef = 9122F1A22755C5F700325880 /* ListTableViewCell.swift */; };
		9180F1E3275A0A0200BC0352 /* AppDelegate.swift in Sources */ = {isa = PBXBuildFile; fileRef = 9122F18E2755C59100325880 /* AppDelegate.swift */; };
		9180F1E5275A0A0200BC0352 /* SceneDelegate.swift in Sources */ = {isa = PBXBuildFile; fileRef = 9122F1902755C59100325880 /* SceneDelegate.swift */; };
		9180F1E8275A0A0200BC0352 /* LaunchScreen.storyboard in Resources */ = {isa = PBXBuildFile; fileRef = 9122F1992755C59400325880 /* LaunchScreen.storyboard */; };
		9180F1E9275A0A0200BC0352 /* WWDCAttendees.json in Resources */ = {isa = PBXBuildFile; fileRef = 9180F1D6275A007500BC0352 /* WWDCAttendees.json */; };
		9180F1EA275A0A0200BC0352 /* Assets.xcassets in Resources */ = {isa = PBXBuildFile; fileRef = 9122F1972755C59400325880 /* Assets.xcassets */; };
		9180F1EB275A0A0200BC0352 /* Main.storyboard in Resources */ = {isa = PBXBuildFile; fileRef = 9122F1942755C59100325880 /* Main.storyboard */; };
		9180F1F1275A0A2000BC0352 /* ListCellViewModel.swift in Sources */ = {isa = PBXBuildFile; fileRef = 9180F1D9275A012B00BC0352 /* ListCellViewModel.swift */; };
		9180F1F6275A0BF000BC0352 /* CellViewModelInterface.swift in Sources */ = {isa = PBXBuildFile; fileRef = 9180F1F5275A0BF000BC0352 /* CellViewModelInterface.swift */; };
		9180F1F7275A0BF000BC0352 /* CellViewModelInterface.swift in Sources */ = {isa = PBXBuildFile; fileRef = 9180F1F5275A0BF000BC0352 /* CellViewModelInterface.swift */; };
		9180F2B3275A203800BC0352 /* Zodiac.json in Resources */ = {isa = PBXBuildFile; fileRef = 9180F2B2275A202700BC0352 /* Zodiac.json */; };
/* End PBXBuildFile section */

/* Begin PBXFileReference section */
		9122F18B2755C59100325880 /* TheSixth.app */ = {isa = PBXFileReference; explicitFileType = wrapper.application; includeInIndex = 0; path = TheSixth.app; sourceTree = BUILT_PRODUCTS_DIR; };
		9122F18E2755C59100325880 /* AppDelegate.swift */ = {isa = PBXFileReference; lastKnownFileType = sourcecode.swift; path = AppDelegate.swift; sourceTree = "<group>"; };
		9122F1902755C59100325880 /* SceneDelegate.swift */ = {isa = PBXFileReference; lastKnownFileType = sourcecode.swift; path = SceneDelegate.swift; sourceTree = "<group>"; };
		9122F1922755C59100325880 /* ViewController.swift */ = {isa = PBXFileReference; lastKnownFileType = sourcecode.swift; path = ViewController.swift; sourceTree = "<group>"; };
		9122F1952755C59100325880 /* Base */ = {isa = PBXFileReference; lastKnownFileType = file.storyboard; name = Base; path = Base.lproj/Main.storyboard; sourceTree = "<group>"; };
		9122F1972755C59400325880 /* Assets.xcassets */ = {isa = PBXFileReference; lastKnownFileType = folder.assetcatalog; path = Assets.xcassets; sourceTree = "<group>"; };
		9122F19A2755C59400325880 /* Base */ = {isa = PBXFileReference; lastKnownFileType = file.storyboard; name = Base; path = Base.lproj/LaunchScreen.storyboard; sourceTree = "<group>"; };
		9122F19C2755C59400325880 /* Info.plist */ = {isa = PBXFileReference; lastKnownFileType = text.plist.xml; path = Info.plist; sourceTree = "<group>"; };
		9122F1A22755C5F700325880 /* ListTableViewCell.swift */ = {isa = PBXFileReference; lastKnownFileType = sourcecode.swift; path = ListTableViewCell.swift; sourceTree = "<group>"; };
		9122F1AA2755C80000325880 /* CellItemData.swift */ = {isa = PBXFileReference; lastKnownFileType = sourcecode.swift; path = CellItemData.swift; sourceTree = "<group>"; };
		9122F1AC2755C8D200325880 /* ListCellViewModel.swift */ = {isa = PBXFileReference; lastKnownFileType = sourcecode.swift; path = ListCellViewModel.swift; sourceTree = "<group>"; };
		912603362A974229000229D9 /* Box.swift */ = {isa = PBXFileReference; lastKnownFileType = sourcecode.swift; path = Box.swift; sourceTree = "<group>"; };
		912603382A9745F5000229D9 /* ZodiacAlternate.json */ = {isa = PBXFileReference; lastKnownFileType = text.json; path = ZodiacAlternate.json; sourceTree = "<group>"; };
		912603582A9C5001000229D9 /* TheSixth Dev-Info.plist */ = {isa = PBXFileReference; lastKnownFileType = text.plist; path = "TheSixth Dev-Info.plist"; sourceTree = SOURCE_ROOT; };
		912603592A9C5001000229D9 /* TheSixth-info.plist */ = {isa = PBXFileReference; lastKnownFileType = text.plist; path = "TheSixth-info.plist"; sourceTree = SOURCE_ROOT; };
		9180F1D6275A007500BC0352 /* WWDCAttendees.json */ = {isa = PBXFileReference; lastKnownFileType = text.json; path = WWDCAttendees.json; sourceTree = "<group>"; };
		9180F1D9275A012B00BC0352 /* ListCellViewModel.swift */ = {isa = PBXFileReference; lastKnownFileType = sourcecode.swift; path = ListCellViewModel.swift; sourceTree = "<group>"; };
		9180F1EF275A0A0200BC0352 /* TheSixth Dev.app */ = {isa = PBXFileReference; explicitFileType = wrapper.application; includeInIndex = 0; path = "TheSixth Dev.app"; sourceTree = BUILT_PRODUCTS_DIR; };
		9180F1F5275A0BF000BC0352 /* CellViewModelInterface.swift */ = {isa = PBXFileReference; lastKnownFileType = sourcecode.swift; path = CellViewModelInterface.swift; sourceTree = "<group>"; };
		9180F2B2275A202700BC0352 /* Zodiac.json */ = {isa = PBXFileReference; lastKnownFileType = text.json; path = Zodiac.json; sourceTree = "<group>"; };
/* End PBXFileReference section */

/* Begin PBXFrameworksBuildPhase section */
		9122F1882755C59100325880 /* Frameworks */ = {
			isa = PBXFrameworksBuildPhase;
			buildActionMask = 2147483647;
			files = (
			);
			runOnlyForDeploymentPostprocessing = 0;
		};
		9180F1E6275A0A0200BC0352 /* Frameworks */ = {
			isa = PBXFrameworksBuildPhase;
			buildActionMask = 2147483647;
			files = (
			);
			runOnlyForDeploymentPostprocessing = 0;
		};
/* End PBXFrameworksBuildPhase section */

/* Begin PBXGroup section */
		9122F1822755C59100325880 = {
			isa = PBXGroup;
			children = (
				9122F18D2755C59100325880 /* TheSixth */,
				9122F18C2755C59100325880 /* Products */,
			);
			sourceTree = "<group>";
		};
		9122F18C2755C59100325880 /* Products */ = {
			isa = PBXGroup;
			children = (
				9122F18B2755C59100325880 /* TheSixth.app */,
				9180F1EF275A0A0200BC0352 /* TheSixth Dev.app */,
			);
			name = Products;
			sourceTree = "<group>";
		};
		9122F18D2755C59100325880 /* TheSixth */ = {
			isa = PBXGroup;
			children = (
				912603362A974229000229D9 /* Box.swift */,
				9180F1D7275A008600BC0352 /* Protocol */,
				9122F1A92755C7C200325880 /* Model */,
				9122F1A62755C79000325880 /* Controller */,
				9122F1A72755C7A600325880 /* View */,
				9122F1A82755C7B100325880 /* ViewModel_Origin */,
				9180F1D8275A00C100BC0352 /* ViewModel_Dev */,
				9122F18E2755C59100325880 /* AppDelegate.swift */,
				9122F1902755C59100325880 /* SceneDelegate.swift */,
				9122F1972755C59400325880 /* Assets.xcassets */,
				9122F1992755C59400325880 /* LaunchScreen.storyboard */,
				9122F19C2755C59400325880 /* Info.plist */,
				912603592A9C5001000229D9 /* TheSixth-info.plist */,
				912603582A9C5001000229D9 /* TheSixth Dev-Info.plist */,
			);
			path = TheSixth;
			sourceTree = "<group>";
		};
		9122F1A62755C79000325880 /* Controller */ = {
			isa = PBXGroup;
			children = (
				9122F1922755C59100325880 /* ViewController.swift */,
			);
			path = Controller;
			sourceTree = "<group>";
		};
		9122F1A72755C7A600325880 /* View */ = {
			isa = PBXGroup;
			children = (
				9122F1942755C59100325880 /* Main.storyboard */,
				9122F1A22755C5F700325880 /* ListTableViewCell.swift */,
			);
			path = View;
			sourceTree = "<group>";
		};
		9122F1A82755C7B100325880 /* ViewModel_Origin */ = {
			isa = PBXGroup;
			children = (
				9122F1AC2755C8D200325880 /* ListCellViewModel.swift */,
			);
			path = ViewModel_Origin;
			sourceTree = "<group>";
		};
		9122F1A92755C7C200325880 /* Model */ = {
			isa = PBXGroup;
			children = (
				9122F1AA2755C80000325880 /* CellItemData.swift */,
				9180F2B1275A201D00BC0352 /* Source_Origin */,
				912603312A973A37000229D9 /* Source_Dev */,
			);
			path = Model;
			sourceTree = "<group>";
		};
		912603312A973A37000229D9 /* Source_Dev */ = {
			isa = PBXGroup;
			children = (
				9180F1D6275A007500BC0352 /* WWDCAttendees.json */,
			);
			path = Source_Dev;
			sourceTree = "<group>";
		};
		9180F1D7275A008600BC0352 /* Protocol */ = {
			isa = PBXGroup;
			children = (
				9180F1F5275A0BF000BC0352 /* CellViewModelInterface.swift */,
			);
			path = Protocol;
			sourceTree = "<group>";
		};
		9180F1D8275A00C100BC0352 /* ViewModel_Dev */ = {
			isa = PBXGroup;
			children = (
				9180F1D9275A012B00BC0352 /* ListCellViewModel.swift */,
			);
			name = ViewModel_Dev;
			path = Controller/ViewModel_Dev;
			sourceTree = "<group>";
		};
		9180F2B1275A201D00BC0352 /* Source_Origin */ = {
			isa = PBXGroup;
			children = (
				9180F2B2275A202700BC0352 /* Zodiac.json */,
				912603382A9745F5000229D9 /* ZodiacAlternate.json */,
			);
			path = Source_Origin;
			sourceTree = "<group>";
		};
/* End PBXGroup section */

/* Begin PBXNativeTarget section */
		9122F18A2755C59100325880 /* TheSixth */ = {
			isa = PBXNativeTarget;
			buildConfigurationList = 9122F19F2755C59400325880 /* Build configuration list for PBXNativeTarget "TheSixth" */;
			buildPhases = (
				9122F1872755C59100325880 /* Sources */,
				9122F1882755C59100325880 /* Frameworks */,
				9122F1892755C59100325880 /* Resources */,
			);
			buildRules = (
			);
			dependencies = (
			);
			name = TheSixth;
			productName = TheSixth;
			productReference = 9122F18B2755C59100325880 /* TheSixth.app */;
			productType = "com.apple.product-type.application";
		};
		9180F1DE275A0A0200BC0352 /* TheSixth Dev */ = {
			isa = PBXNativeTarget;
			buildConfigurationList = 9180F1EC275A0A0200BC0352 /* Build configuration list for PBXNativeTarget "TheSixth Dev" */;
			buildPhases = (
				9180F1DF275A0A0200BC0352 /* Sources */,
				9180F1E6275A0A0200BC0352 /* Frameworks */,
				9180F1E7275A0A0200BC0352 /* Resources */,
			);
			buildRules = (
			);
			dependencies = (
			);
			name = "TheSixth Dev";
			productName = TheSixth;
			productReference = 9180F1EF275A0A0200BC0352 /* TheSixth Dev.app */;
			productType = "com.apple.product-type.application";
		};
/* End PBXNativeTarget section */

/* Begin PBXProject section */
		9122F1832755C59100325880 /* Project object */ = {
			isa = PBXProject;
			attributes = {
				BuildIndependentTargetsInParallel = 1;
				LastSwiftUpdateCheck = 1300;
				LastUpgradeCheck = 1300;
				TargetAttributes = {
					9122F18A2755C59100325880 = {
						CreatedOnToolsVersion = 13.0;
					};
				};
			};
			buildConfigurationList = 9122F1862755C59100325880 /* Build configuration list for PBXProject "TheSixth" */;
			compatibilityVersion = "Xcode 13.0";
			developmentRegion = en;
			hasScannedForEncodings = 0;
			knownRegions = (
				en,
				Base,
			);
			mainGroup = 9122F1822755C59100325880;
			productRefGroup = 9122F18C2755C59100325880 /* Products */;
			projectDirPath = "";
			projectRoot = "";
			targets = (
				9122F18A2755C59100325880 /* TheSixth */,
				9180F1DE275A0A0200BC0352 /* TheSixth Dev */,
			);
		};
/* End PBXProject section */

/* Begin PBXResourcesBuildPhase section */
		9122F1892755C59100325880 /* Resources */ = {
			isa = PBXResourcesBuildPhase;
			buildActionMask = 2147483647;
			files = (
				912603392A9749D7000229D9 /* ZodiacAlternate.json in Resources */,
				9126035C2A9C5001000229D9 /* TheSixth-info.plist in Resources */,
				9122F19B2755C59400325880 /* LaunchScreen.storyboard in Resources */,
				9180F2B3275A203800BC0352 /* Zodiac.json in Resources */,
				9122F1982755C59400325880 /* Assets.xcassets in Resources */,
				9122F1962755C59100325880 /* Main.storyboard in Resources */,
			);
			runOnlyForDeploymentPostprocessing = 0;
		};
		9180F1E7275A0A0200BC0352 /* Resources */ = {
			isa = PBXResourcesBuildPhase;
			buildActionMask = 2147483647;
			files = (
				9180F1E8275A0A0200BC0352 /* LaunchScreen.storyboard in Resources */,
				9126035E2A9C500F000229D9 /* TheSixth Dev-Info.plist in Resources */,
				9180F1E9275A0A0200BC0352 /* WWDCAttendees.json in Resources */,
				9180F1EA275A0A0200BC0352 /* Assets.xcassets in Resources */,
				9180F1EB275A0A0200BC0352 /* Main.storyboard in Resources */,
			);
			runOnlyForDeploymentPostprocessing = 0;
		};
/* End PBXResourcesBuildPhase section */

/* Begin PBXSourcesBuildPhase section */
		9122F1872755C59100325880 /* Sources */ = {
			isa = PBXSourcesBuildPhase;
			buildActionMask = 2147483647;
			files = (
				912603352A973B00000229D9 /* CellItemData.swift in Sources */,
				9122F1AD2755C8D200325880 /* ListCellViewModel.swift in Sources */,
				9122F1932755C59100325880 /* ViewController.swift in Sources */,
				9122F1A32755C5F700325880 /* ListTableViewCell.swift in Sources */,
				9122F18F2755C59100325880 /* AppDelegate.swift in Sources */,
				912603372A974229000229D9 /* Box.swift in Sources */,
				9122F1912755C59100325880 /* SceneDelegate.swift in Sources */,
				9180F1F6275A0BF000BC0352 /* CellViewModelInterface.swift in Sources */,
			);
			runOnlyForDeploymentPostprocessing = 0;
		};
		9180F1DF275A0A0200BC0352 /* Sources */ = {
			isa = PBXSourcesBuildPhase;
			buildActionMask = 2147483647;
			files = (
				9180F1F1275A0A2000BC0352 /* ListCellViewModel.swift in Sources */,
				9180F1E1275A0A0200BC0352 /* ViewController.swift in Sources */,
				9180F1E2275A0A0200BC0352 /* ListTableViewCell.swift in Sources */,
				9180F1E3275A0A0200BC0352 /* AppDelegate.swift in Sources */,
				9180F1E5275A0A0200BC0352 /* SceneDelegate.swift in Sources */,
				912603342A973AF6000229D9 /* CellItemData.swift in Sources */,
				9180F1F7275A0BF000BC0352 /* CellViewModelInterface.swift in Sources */,
			);
			runOnlyForDeploymentPostprocessing = 0;
		};
/* End PBXSourcesBuildPhase section */

/* Begin PBXVariantGroup section */
		9122F1942755C59100325880 /* Main.storyboard */ = {
			isa = PBXVariantGroup;
			children = (
				9122F1952755C59100325880 /* Base */,
			);
			name = Main.storyboard;
			sourceTree = "<group>";
		};
		9122F1992755C59400325880 /* LaunchScreen.storyboard */ = {
			isa = PBXVariantGroup;
			children = (
				9122F19A2755C59400325880 /* Base */,
			);
			name = LaunchScreen.storyboard;
			sourceTree = "<group>";
		};
/* End PBXVariantGroup section */

/* Begin XCBuildConfiguration section */
		9122F19D2755C59400325880 /* Debug */ = {
			isa = XCBuildConfiguration;
			buildSettings = {
				ALWAYS_SEARCH_USER_PATHS = NO;
				CLANG_ANALYZER_NONNULL = YES;
				CLANG_ANALYZER_NUMBER_OBJECT_CONVERSION = YES_AGGRESSIVE;
				CLANG_CXX_LANGUAGE_STANDARD = "gnu++17";
				CLANG_CXX_LIBRARY = "libc++";
				CLANG_ENABLE_MODULES = YES;
				CLANG_ENABLE_OBJC_ARC = YES;
				CLANG_ENABLE_OBJC_WEAK = YES;
				CLANG_WARN_BLOCK_CAPTURE_AUTORELEASING = YES;
				CLANG_WARN_BOOL_CONVERSION = YES;
				CLANG_WARN_COMMA = YES;
				CLANG_WARN_CONSTANT_CONVERSION = YES;
				CLANG_WARN_DEPRECATED_OBJC_IMPLEMENTATIONS = YES;
				CLANG_WARN_DIRECT_OBJC_ISA_USAGE = YES_ERROR;
				CLANG_WARN_DOCUMENTATION_COMMENTS = YES;
				CLANG_WARN_EMPTY_BODY = YES;
				CLANG_WARN_ENUM_CONVERSION = YES;
				CLANG_WARN_INFINITE_RECURSION = YES;
				CLANG_WARN_INT_CONVERSION = YES;
				CLANG_WARN_NON_LITERAL_NULL_CONVERSION = YES;
				CLANG_WARN_OBJC_IMPLICIT_RETAIN_SELF = YES;
				CLANG_WARN_OBJC_LITERAL_CONVERSION = YES;
				CLANG_WARN_OBJC_ROOT_CLASS = YES_ERROR;
				CLANG_WARN_QUOTED_INCLUDE_IN_FRAMEWORK_HEADER = YES;
				CLANG_WARN_RANGE_LOOP_ANALYSIS = YES;
				CLANG_WARN_STRICT_PROTOTYPES = YES;
				CLANG_WARN_SUSPICIOUS_MOVE = YES;
				CLANG_WARN_UNGUARDED_AVAILABILITY = YES_AGGRESSIVE;
				CLANG_WARN_UNREACHABLE_CODE = YES;
				CLANG_WARN__DUPLICATE_METHOD_MATCH = YES;
				COPY_PHASE_STRIP = NO;
				DEBUG_INFORMATION_FORMAT = dwarf;
				ENABLE_STRICT_OBJC_MSGSEND = YES;
				ENABLE_TESTABILITY = YES;
				GCC_C_LANGUAGE_STANDARD = gnu11;
				GCC_DYNAMIC_NO_PIC = NO;
				GCC_NO_COMMON_BLOCKS = YES;
				GCC_OPTIMIZATION_LEVEL = 0;
				GCC_PREPROCESSOR_DEFINITIONS = (
					"DEBUG=1",
					"$(inherited)",
				);
				GCC_WARN_64_TO_32_BIT_CONVERSION = YES;
				GCC_WARN_ABOUT_RETURN_TYPE = YES_ERROR;
				GCC_WARN_UNDECLARED_SELECTOR = YES;
				GCC_WARN_UNINITIALIZED_AUTOS = YES_AGGRESSIVE;
				GCC_WARN_UNUSED_FUNCTION = YES;
				GCC_WARN_UNUSED_VARIABLE = YES;
				IPHONEOS_DEPLOYMENT_TARGET = 15.0;
				MTL_ENABLE_DEBUG_INFO = INCLUDE_SOURCE;
				MTL_FAST_MATH = YES;
				ONLY_ACTIVE_ARCH = YES;
				SDKROOT = iphoneos;
				SWIFT_ACTIVE_COMPILATION_CONDITIONS = DEBUG;
				SWIFT_OPTIMIZATION_LEVEL = "-Onone";
			};
			name = Debug;
		};
		9122F19E2755C59400325880 /* Release */ = {
			isa = XCBuildConfiguration;
			buildSettings = {
				ALWAYS_SEARCH_USER_PATHS = NO;
				CLANG_ANALYZER_NONNULL = YES;
				CLANG_ANALYZER_NUMBER_OBJECT_CONVERSION = YES_AGGRESSIVE;
				CLANG_CXX_LANGUAGE_STANDARD = "gnu++17";
				CLANG_CXX_LIBRARY = "libc++";
				CLANG_ENABLE_MODULES = YES;
				CLANG_ENABLE_OBJC_ARC = YES;
				CLANG_ENABLE_OBJC_WEAK = YES;
				CLANG_WARN_BLOCK_CAPTURE_AUTORELEASING = YES;
				CLANG_WARN_BOOL_CONVERSION = YES;
				CLANG_WARN_COMMA = YES;
				CLANG_WARN_CONSTANT_CONVERSION = YES;
				CLANG_WARN_DEPRECATED_OBJC_IMPLEMENTATIONS = YES;
				CLANG_WARN_DIRECT_OBJC_ISA_USAGE = YES_ERROR;
				CLANG_WARN_DOCUMENTATION_COMMENTS = YES;
				CLANG_WARN_EMPTY_BODY = YES;
				CLANG_WARN_ENUM_CONVERSION = YES;
				CLANG_WARN_INFINITE_RECURSION = YES;
				CLANG_WARN_INT_CONVERSION = YES;
				CLANG_WARN_NON_LITERAL_NULL_CONVERSION = YES;
				CLANG_WARN_OBJC_IMPLICIT_RETAIN_SELF = YES;
				CLANG_WARN_OBJC_LITERAL_CONVERSION = YES;
				CLANG_WARN_OBJC_ROOT_CLASS = YES_ERROR;
				CLANG_WARN_QUOTED_INCLUDE_IN_FRAMEWORK_HEADER = YES;
				CLANG_WARN_RANGE_LOOP_ANALYSIS = YES;
				CLANG_WARN_STRICT_PROTOTYPES = YES;
				CLANG_WARN_SUSPICIOUS_MOVE = YES;
				CLANG_WARN_UNGUARDED_AVAILABILITY = YES_AGGRESSIVE;
				CLANG_WARN_UNREACHABLE_CODE = YES;
				CLANG_WARN__DUPLICATE_METHOD_MATCH = YES;
				COPY_PHASE_STRIP = NO;
				DEBUG_INFORMATION_FORMAT = "dwarf-with-dsym";
				ENABLE_NS_ASSERTIONS = NO;
				ENABLE_STRICT_OBJC_MSGSEND = YES;
				GCC_C_LANGUAGE_STANDARD = gnu11;
				GCC_NO_COMMON_BLOCKS = YES;
				GCC_WARN_64_TO_32_BIT_CONVERSION = YES;
				GCC_WARN_ABOUT_RETURN_TYPE = YES_ERROR;
				GCC_WARN_UNDECLARED_SELECTOR = YES;
				GCC_WARN_UNINITIALIZED_AUTOS = YES_AGGRESSIVE;
				GCC_WARN_UNUSED_FUNCTION = YES;
				GCC_WARN_UNUSED_VARIABLE = YES;
				IPHONEOS_DEPLOYMENT_TARGET = 15.0;
				MTL_ENABLE_DEBUG_INFO = NO;
				MTL_FAST_MATH = YES;
				SDKROOT = iphoneos;
				SWIFT_ACTIVE_COMPILATION_CONDITIONS = "";
				SWIFT_COMPILATION_MODE = wholemodule;
				SWIFT_OPTIMIZATION_LEVEL = "-O";
				VALIDATE_PRODUCT = YES;
			};
			name = Release;
		};
		9122F1A02755C59400325880 /* Debug */ = {
			isa = XCBuildConfiguration;
			buildSettings = {
				ASSETCATALOG_COMPILER_APPICON_NAME = AppIcon;
				ASSETCATALOG_COMPILER_GLOBAL_ACCENT_COLOR_NAME = AccentColor;
				CODE_SIGN_STYLE = Automatic;
				CURRENT_PROJECT_VERSION = 1;
				DEVELOPMENT_TEAM = VWDLUM96X8;
				GENERATE_INFOPLIST_FILE = YES;
				INFOPLIST_FILE = TheSixth/Info.plist;
				INFOPLIST_KEY_UIApplicationSupportsIndirectInputEvents = YES;
				INFOPLIST_KEY_UILaunchStoryboardName = LaunchScreen;
				INFOPLIST_KEY_UIMainStoryboardFile = Main;
				INFOPLIST_KEY_UISupportedInterfaceOrientations_iPad = "UIInterfaceOrientationPortrait UIInterfaceOrientationPortraitUpsideDown UIInterfaceOrientationLandscapeLeft UIInterfaceOrientationLandscapeRight";
				INFOPLIST_KEY_UISupportedInterfaceOrientations_iPhone = "UIInterfaceOrientationPortrait UIInterfaceOrientationLandscapeLeft UIInterfaceOrientationLandscapeRight";
				LD_RUNPATH_SEARCH_PATHS = (
					"$(inherited)",
					"@executable_path/Frameworks",
				);
				MARKETING_VERSION = 1.0;
				OTHER_SWIFT_FLAGS = "-DOrigin";
				PRODUCT_BUNDLE_IDENTIFIER = individualStudio.TheSixth;
				PRODUCT_NAME = "$(TARGET_NAME)";
				SWIFT_EMIT_LOC_STRINGS = YES;
				SWIFT_VERSION = 5.0;
				TARGETED_DEVICE_FAMILY = "1,2";
			};
			name = Debug;
		};
		9122F1A12755C59400325880 /* Release */ = {
			isa = XCBuildConfiguration;
			buildSettings = {
				ASSETCATALOG_COMPILER_APPICON_NAME = AppIcon;
				ASSETCATALOG_COMPILER_GLOBAL_ACCENT_COLOR_NAME = AccentColor;
				CODE_SIGN_STYLE = Automatic;
				CURRENT_PROJECT_VERSION = 1;
				DEVELOPMENT_TEAM = VWDLUM96X8;
				GENERATE_INFOPLIST_FILE = YES;
				INFOPLIST_FILE = TheSixth/Info.plist;
				INFOPLIST_KEY_UIApplicationSupportsIndirectInputEvents = YES;
				INFOPLIST_KEY_UILaunchStoryboardName = LaunchScreen;
				INFOPLIST_KEY_UIMainStoryboardFile = Main;
				INFOPLIST_KEY_UISupportedInterfaceOrientations_iPad = "UIInterfaceOrientationPortrait UIInterfaceOrientationPortraitUpsideDown UIInterfaceOrientationLandscapeLeft UIInterfaceOrientationLandscapeRight";
				INFOPLIST_KEY_UISupportedInterfaceOrientations_iPhone = "UIInterfaceOrientationPortrait UIInterfaceOrientationLandscapeLeft UIInterfaceOrientationLandscapeRight";
				LD_RUNPATH_SEARCH_PATHS = (
					"$(inherited)",
					"@executable_path/Frameworks",
				);
				MARKETING_VERSION = 1.0;
				PRODUCT_BUNDLE_IDENTIFIER = individualStudio.TheSixth;
				PRODUCT_NAME = "$(TARGET_NAME)";
				SWIFT_EMIT_LOC_STRINGS = YES;
				SWIFT_VERSION = 5.0;
				TARGETED_DEVICE_FAMILY = "1,2";
			};
			name = Release;
		};
		9180F1ED275A0A0200BC0352 /* Debug */ = {
			isa = XCBuildConfiguration;
			buildSettings = {
				ASSETCATALOG_COMPILER_APPICON_NAME = AppIcon;
				ASSETCATALOG_COMPILER_GLOBAL_ACCENT_COLOR_NAME = AccentColor;
				CODE_SIGN_STYLE = Automatic;
				CURRENT_PROJECT_VERSION = 1;
				DEVELOPMENT_TEAM = VWDLUM96X8;
				GENERATE_INFOPLIST_FILE = YES;
				INFOPLIST_FILE = "TheSixth Dev-Info.plist";
				INFOPLIST_KEY_UIApplicationSupportsIndirectInputEvents = YES;
				INFOPLIST_KEY_UILaunchStoryboardName = LaunchScreen;
				INFOPLIST_KEY_UIMainStoryboardFile = Main;
				INFOPLIST_KEY_UISupportedInterfaceOrientations_iPad = "UIInterfaceOrientationPortrait UIInterfaceOrientationPortraitUpsideDown UIInterfaceOrientationLandscapeLeft UIInterfaceOrientationLandscapeRight";
				INFOPLIST_KEY_UISupportedInterfaceOrientations_iPhone = "UIInterfaceOrientationPortrait UIInterfaceOrientationLandscapeLeft UIInterfaceOrientationLandscapeRight";
				LD_RUNPATH_SEARCH_PATHS = (
					"$(inherited)",
					"@executable_path/Frameworks",
				);
				MARKETING_VERSION = 1.0;
				OTHER_SWIFT_FLAGS = "-DDev";
				PRODUCT_BUNDLE_IDENTIFIER = individualStudio.TheSixth;
				PRODUCT_NAME = "$(TARGET_NAME)";
				SWIFT_ACTIVE_COMPILATION_CONDITIONS = DEBUG;
				SWIFT_EMIT_LOC_STRINGS = YES;
				SWIFT_VERSION = 5.0;
				TARGETED_DEVICE_FAMILY = "1,2";
			};
			name = Debug;
		};
		9180F1EE275A0A0200BC0352 /* Release */ = {
			isa = XCBuildConfiguration;
			buildSettings = {
				ASSETCATALOG_COMPILER_APPICON_NAME = AppIcon;
				ASSETCATALOG_COMPILER_GLOBAL_ACCENT_COLOR_NAME = AccentColor;
				CODE_SIGN_STYLE = Automatic;
				CURRENT_PROJECT_VERSION = 1;
				DEVELOPMENT_TEAM = VWDLUM96X8;
				GENERATE_INFOPLIST_FILE = YES;
				INFOPLIST_FILE = "TheSixth Dev-Info.plist";
				INFOPLIST_KEY_UIApplicationSupportsIndirectInputEvents = YES;
				INFOPLIST_KEY_UILaunchStoryboardName = LaunchScreen;
				INFOPLIST_KEY_UIMainStoryboardFile = Main;
				INFOPLIST_KEY_UISupportedInterfaceOrientations_iPad = "UIInterfaceOrientationPortrait UIInterfaceOrientationPortraitUpsideDown UIInterfaceOrientationLandscapeLeft UIInterfaceOrientationLandscapeRight";
				INFOPLIST_KEY_UISupportedInterfaceOrientations_iPhone = "UIInterfaceOrientationPortrait UIInterfaceOrientationLandscapeLeft UIInterfaceOrientationLandscapeRight";
				LD_RUNPATH_SEARCH_PATHS = (
					"$(inherited)",
					"@executable_path/Frameworks",
				);
				MARKETING_VERSION = 1.0;
				OTHER_SWIFT_FLAGS = "";
				PRODUCT_BUNDLE_IDENTIFIER = individualStudio.TheSixth;
				PRODUCT_NAME = "$(TARGET_NAME)";
				SWIFT_EMIT_LOC_STRINGS = YES;
				SWIFT_VERSION = 5.0;
				TARGETED_DEVICE_FAMILY = "1,2";
			};
			name = Release;
		};
/* End XCBuildConfiguration section */

/* Begin XCConfigurationList section */
		9122F1862755C59100325880 /* Build configuration list for PBXProject "TheSixth" */ = {
			isa = XCConfigurationList;
			buildConfigurations = (
				9122F19D2755C59400325880 /* Debug */,
				9122F19E2755C59400325880 /* Release */,
			);
			defaultConfigurationIsVisible = 0;
			defaultConfigurationName = Release;
		};
		9122F19F2755C59400325880 /* Build configuration list for PBXNativeTarget "TheSixth" */ = {
			isa = XCConfigurationList;
			buildConfigurations = (
				9122F1A02755C59400325880 /* Debug */,
				9122F1A12755C59400325880 /* Release */,
			);
			defaultConfigurationIsVisible = 0;
			defaultConfigurationName = Release;
		};
		9180F1EC275A0A0200BC0352 /* Build configuration list for PBXNativeTarget "TheSixth Dev" */ = {
			isa = XCConfigurationList;
			buildConfigurations = (
				9180F1ED275A0A0200BC0352 /* Debug */,
				9180F1EE275A0A0200BC0352 /* Release */,
			);
			defaultConfigurationIsVisible = 0;
			defaultConfigurationName = Release;
		};
/* End XCConfigurationList section */
	};
	rootObject = 9122F1832755C59100325880 /* Project object */;
}
